
Microsoft Visual Studio Solution File, Format Version 12.00
# Visual Studio Version 16
VisualStudioVersion = 25.0.1700.0
MinimumVisualStudioVersion = 10.0.40219.1
Project("{FAE04EC0-301F-11D3-BF4B-00C04F79EFBC}") = "sample-android", "sample-android\sample-android.csproj", "{E4D407EF-F951-448B-BBE8-BC93D68003A5}"
EndProject
Global
	GlobalSection(SolutionConfigurationPlatforms) = preSolution
		Debug|Any CPU = Debug|Any CPU
		Release|Any CPU = Release|Any CPU
	EndGlobalSection
	GlobalSection(ProjectConfigurationPlatforms) = postSolution
		{E4D407EF-F951-448B-BBE8-BC93D68003A5}.Debug|Any CPU.ActiveCfg = Debug|Any CPU
		{E4D407EF-F951-448B-BBE8-BC93D68003A5}.Debug|Any CPU.Build.0 = Debug|Any CPU
		{E4D407EF-F951-448B-BBE8-BC93D68003A5}.Release|Any CPU.ActiveCfg = Release|Any CPU
		{E4D407EF-F951-448B-BBE8-BC93D68003A5}.Release|Any CPU.Build.0 = Release|Any CPU
	EndGlobalSection
	GlobalSection(SolutionProperties) = preSolution
		HideSolutionNode = FALSE
	EndGlobalSection
	GlobalSection(ExtensibilityGlobals) = postSolution
		SolutionGuid = {3A1C6077-07B2-4E06-B1DF-69B0ADBE3274}
	EndGlobalSection
EndGlobal
